
Microsoft Visual Studio Solution File, Format Version 12.00
# Visual Studio Version 17
VisualStudioVersion = 17.9.34728.123
MinimumVisualStudioVersion = 10.0.40219.1
Project("{FAE04EC0-301F-11D3-BF4B-00C04F79EFBC}") = "VendingMachine", "Vending-Machine-CSharp\Vending-Machine-CSharp.csproj", "{3A9AF5EA-5456-4036-89DB-03C28DC0F9FB}"
EndProject
Global
	GlobalSection(SolutionConfigurationPlatforms) = preSolution
		Debug|Any CPU = Debug|Any CPU
		Release|Any CPU = Release|Any CPU
	EndGlobalSection
	GlobalSection(ProjectConfigurationPlatforms) = postSolution
		{3A9AF5EA-5456-4036-89DB-03C28DC0F9FB}.Debug|Any CPU.ActiveCfg = Debug|Any CPU
		{3A9AF5EA-5456-4036-89DB-03C28DC0F9FB}.Debug|Any CPU.Build.0 = Debug|Any CPU
		{3A9AF5EA-5456-4036-89DB-03C28DC0F9FB}.Release|Any CPU.ActiveCfg = Release|Any CPU
		{3A9AF5EA-5456-4036-89DB-03C28DC0F9FB}.Release|Any CPU.Build.0 = Release|Any CPU
	EndGlobalSection
	GlobalSection(SolutionProperties) = preSolution
		HideSolutionNode = FALSE
	EndGlobalSection
	GlobalSection(ExtensibilityGlobals) = postSolution
		SolutionGuid = {87FF461F-8408-4AFE-A8F0-889A98FEBC41}
	EndGlobalSection
EndGlobal
